{
  "name": "RetroFun",
  "lockfileVersion": 3,
  "requires": true,
  "packages": {
    "": {
      "dependencies": {
        "vitae": "^0.1.0"
      }
    },
    "node_modules/vitae": {
      "version": "0.1.0",
      "resolved": "https://registry.npmjs.org/vitae/-/vitae-0.1.0.tgz",
      "integrity": "sha512-iTR6bLHcaBotaIDQ2KUAhhNeeUeCAIjemwqip7z3NgIN8U2TsYCeM8lUEMrkAkHmv9Pipza9X4LUN7o41ZWpjA==",
      "license": "MIT"
    }
  }
}
